# THIS IS AN AUTOGENERATED FILE. DO NOT EDIT THIS FILE DIRECTLY.
# yarn lockfile v1


bootstrap-icons@^1.0.0:
  version "1.0.0"
  resolved "https://registry.yarnpkg.com/bootstrap-icons/-/bootstrap-icons-1.0.0.tgz#90ed08c9503cef95184972420fbea7b09780bd83"
  integrity sha512-PaQm3VtSqbUnWuyqGmFJG5iF9UMieDuk8raPOmKOtKeyWyiVshgLoKa+9EWGolGU/nvyBLEBWhZoQqhu9ccNBg==
